
Microsoft Visual Studio Solution File, Format Version 12.00
# Visual Studio 2013
VisualStudioVersion = 12.0.21005.1
MinimumVisualStudioVersion = 10.0.40219.1
Project("{FAE04EC0-301F-11D3-BF4B-00C04F79EFBC}") = "IcarusNet", "IcarusNet\IcarusNet.csproj", "{6469FC9C-9F52-44EC-9A50-F0C1B82503C0}"
EndProject
Project("{FAE04EC0-301F-11D3-BF4B-00C04F79EFBC}") = "Assembler6502Net", "Assembler6502Net\Assembler6502Net.csproj", "{82FAE6AE-BFC5-4D96-83EE-E271B99BFF8E}"
EndProject
Global
	GlobalSection(SolutionConfigurationPlatforms) = preSolution
		Debug|Any CPU = Debug|Any CPU
		Release|Any CPU = Release|Any CPU
	EndGlobalSection
	GlobalSection(ProjectConfigurationPlatforms) = postSolution
		{6469FC9C-9F52-44EC-9A50-F0C1B82503C0}.Debug|Any CPU.ActiveCfg = Debug|Any CPU
		{6469FC9C-9F52-44EC-9A50-F0C1B82503C0}.Debug|Any CPU.Build.0 = Debug|Any CPU
		{6469FC9C-9F52-44EC-9A50-F0C1B82503C0}.Release|Any CPU.ActiveCfg = Release|Any CPU
		{6469FC9C-9F52-44EC-9A50-F0C1B82503C0}.Release|Any CPU.Build.0 = Release|Any CPU
		{82FAE6AE-BFC5-4D96-83EE-E271B99BFF8E}.Debug|Any CPU.ActiveCfg = Debug|Any CPU
		{82FAE6AE-BFC5-4D96-83EE-E271B99BFF8E}.Debug|Any CPU.Build.0 = Debug|Any CPU
		{82FAE6AE-BFC5-4D96-83EE-E271B99BFF8E}.Release|Any CPU.ActiveCfg = Release|Any CPU
		{82FAE6AE-BFC5-4D96-83EE-E271B99BFF8E}.Release|Any CPU.Build.0 = Release|Any CPU
	EndGlobalSection
	GlobalSection(SolutionProperties) = preSolution
		HideSolutionNode = FALSE
	EndGlobalSection
EndGlobal
